
Microsoft Visual Studio Solution File, Format Version 12.00
# Visual Studio 15
VisualStudioVersion = 15.0.26124.0
MinimumVisualStudioVersion = 15.0.26124.0
Project("{FAE04EC0-301F-11D3-BF4B-00C04F79EFBC}") = "gameTOP", "gameTOP\gameTOP.csproj", "{7F3E3EDF-EA7F-42D0-AC70-78436959B0CA}"
EndProject
Project("{FAE04EC0-301F-11D3-BF4B-00C04F79EFBC}") = "GameTOP.lib", "GameTOP.lib\GameTOP.lib.csproj", "{E4B67403-8FE9-4BD4-A5F6-17AC6474DC20}"
EndProject
Project("{FAE04EC0-301F-11D3-BF4B-00C04F79EFBC}") = "GameTOP.Interface", "GameTOP.Interface\GameTOP.Interface.csproj", "{1099CD53-E674-4F97-A58F-EDDDF2B5F598}"
EndProject
Global
	GlobalSection(SolutionConfigurationPlatforms) = preSolution
		Debug|Any CPU = Debug|Any CPU
		Debug|x64 = Debug|x64
		Debug|x86 = Debug|x86
		Release|Any CPU = Release|Any CPU
		Release|x64 = Release|x64
		Release|x86 = Release|x86
	EndGlobalSection
	GlobalSection(SolutionProperties) = preSolution
		HideSolutionNode = FALSE
	EndGlobalSection
	GlobalSection(ProjectConfigurationPlatforms) = postSolution
		{7F3E3EDF-EA7F-42D0-AC70-78436959B0CA}.Debug|Any CPU.ActiveCfg = Debug|Any CPU
		{7F3E3EDF-EA7F-42D0-AC70-78436959B0CA}.Debug|Any CPU.Build.0 = Debug|Any CPU
		{7F3E3EDF-EA7F-42D0-AC70-78436959B0CA}.Debug|x64.ActiveCfg = Debug|Any CPU
		{7F3E3EDF-EA7F-42D0-AC70-78436959B0CA}.Debug|x64.Build.0 = Debug|Any CPU
		{7F3E3EDF-EA7F-42D0-AC70-78436959B0CA}.Debug|x86.ActiveCfg = Debug|Any CPU
		{7F3E3EDF-EA7F-42D0-AC70-78436959B0CA}.Debug|x86.Build.0 = Debug|Any CPU
		{7F3E3EDF-EA7F-42D0-AC70-78436959B0CA}.Release|Any CPU.ActiveCfg = Release|Any CPU
		{7F3E3EDF-EA7F-42D0-AC70-78436959B0CA}.Release|Any CPU.Build.0 = Release|Any CPU
		{7F3E3EDF-EA7F-42D0-AC70-78436959B0CA}.Release|x64.ActiveCfg = Release|Any CPU
		{7F3E3EDF-EA7F-42D0-AC70-78436959B0CA}.Release|x64.Build.0 = Release|Any CPU
		{7F3E3EDF-EA7F-42D0-AC70-78436959B0CA}.Release|x86.ActiveCfg = Release|Any CPU
		{7F3E3EDF-EA7F-42D0-AC70-78436959B0CA}.Release|x86.Build.0 = Release|Any CPU
		{E4B67403-8FE9-4BD4-A5F6-17AC6474DC20}.Debug|Any CPU.ActiveCfg = Debug|Any CPU
		{E4B67403-8FE9-4BD4-A5F6-17AC6474DC20}.Debug|Any CPU.Build.0 = Debug|Any CPU
		{E4B67403-8FE9-4BD4-A5F6-17AC6474DC20}.Debug|x64.ActiveCfg = Debug|Any CPU
		{E4B67403-8FE9-4BD4-A5F6-17AC6474DC20}.Debug|x64.Build.0 = Debug|Any CPU
		{E4B67403-8FE9-4BD4-A5F6-17AC6474DC20}.Debug|x86.ActiveCfg = Debug|Any CPU
		{E4B67403-8FE9-4BD4-A5F6-17AC6474DC20}.Debug|x86.Build.0 = Debug|Any CPU
		{E4B67403-8FE9-4BD4-A5F6-17AC6474DC20}.Release|Any CPU.ActiveCfg = Release|Any CPU
		{E4B67403-8FE9-4BD4-A5F6-17AC6474DC20}.Release|Any CPU.Build.0 = Release|Any CPU
		{E4B67403-8FE9-4BD4-A5F6-17AC6474DC20}.Release|x64.ActiveCfg = Release|Any CPU
		{E4B67403-8FE9-4BD4-A5F6-17AC6474DC20}.Release|x64.Build.0 = Release|Any CPU
		{E4B67403-8FE9-4BD4-A5F6-17AC6474DC20}.Release|x86.ActiveCfg = Release|Any CPU
		{E4B67403-8FE9-4BD4-A5F6-17AC6474DC20}.Release|x86.Build.0 = Release|Any CPU
		{1099CD53-E674-4F97-A58F-EDDDF2B5F598}.Debug|Any CPU.ActiveCfg = Debug|Any CPU
		{1099CD53-E674-4F97-A58F-EDDDF2B5F598}.Debug|Any CPU.Build.0 = Debug|Any CPU
		{1099CD53-E674-4F97-A58F-EDDDF2B5F598}.Debug|x64.ActiveCfg = Debug|Any CPU
		{1099CD53-E674-4F97-A58F-EDDDF2B5F598}.Debug|x64.Build.0 = Debug|Any CPU
		{1099CD53-E674-4F97-A58F-EDDDF2B5F598}.Debug|x86.ActiveCfg = Debug|Any CPU
		{1099CD53-E674-4F97-A58F-EDDDF2B5F598}.Debug|x86.Build.0 = Debug|Any CPU
		{1099CD53-E674-4F97-A58F-EDDDF2B5F598}.Release|Any CPU.ActiveCfg = Release|Any CPU
		{1099CD53-E674-4F97-A58F-EDDDF2B5F598}.Release|Any CPU.Build.0 = Release|Any CPU
		{1099CD53-E674-4F97-A58F-EDDDF2B5F598}.Release|x64.ActiveCfg = Release|Any CPU
		{1099CD53-E674-4F97-A58F-EDDDF2B5F598}.Release|x64.Build.0 = Release|Any CPU
		{1099CD53-E674-4F97-A58F-EDDDF2B5F598}.Release|x86.ActiveCfg = Release|Any CPU
		{1099CD53-E674-4F97-A58F-EDDDF2B5F598}.Release|x86.Build.0 = Release|Any CPU
	EndGlobalSection
EndGlobal
